
Microsoft Visual Studio Solution File, Format Version 12.00
# Visual Studio 15
VisualStudioVersion = 15.0.28307.779
MinimumVisualStudioVersion = 10.0.40219.1
Project("{FAE04EC0-301F-11D3-BF4B-00C04F79EFBC}") = "ContactBook", "ContactBook\ContactBook.csproj", "{4425BF88-C416-4D46-89D0-FC51F2229CCA}"
	ProjectSection(ProjectDependencies) = postProject
		{7ABB84DF-87B2-410B-B8BF-26C8D630A4FF} = {7ABB84DF-87B2-410B-B8BF-26C8D630A4FF}
	EndProjectSection
EndProject
Project("{FAE04EC0-301F-11D3-BF4B-00C04F79EFBC}") = "WcfService", "WcfService\WcfService.csproj", "{7ABB84DF-87B2-410B-B8BF-26C8D630A4FF}"
EndProject
Project("{FAE04EC0-301F-11D3-BF4B-00C04F79EFBC}") = "WindowsServiceHost", "WindowsServiceHost\WindowsServiceHost.csproj", "{5855756C-292B-4526-A79E-0B0EB75D5806}"
EndProject
Global
	GlobalSection(SolutionConfigurationPlatforms) = preSolution
		Debug|Any CPU = Debug|Any CPU
		Release|Any CPU = Release|Any CPU
	EndGlobalSection
	GlobalSection(ProjectConfigurationPlatforms) = postSolution
		{4425BF88-C416-4D46-89D0-FC51F2229CCA}.Debug|Any CPU.ActiveCfg = Debug|Any CPU
		{4425BF88-C416-4D46-89D0-FC51F2229CCA}.Debug|Any CPU.Build.0 = Debug|Any CPU
		{4425BF88-C416-4D46-89D0-FC51F2229CCA}.Release|Any CPU.ActiveCfg = Release|Any CPU
		{4425BF88-C416-4D46-89D0-FC51F2229CCA}.Release|Any CPU.Build.0 = Release|Any CPU
		{7ABB84DF-87B2-410B-B8BF-26C8D630A4FF}.Debug|Any CPU.ActiveCfg = Debug|Any CPU
		{7ABB84DF-87B2-410B-B8BF-26C8D630A4FF}.Debug|Any CPU.Build.0 = Debug|Any CPU
		{7ABB84DF-87B2-410B-B8BF-26C8D630A4FF}.Release|Any CPU.ActiveCfg = Release|Any CPU
		{7ABB84DF-87B2-410B-B8BF-26C8D630A4FF}.Release|Any CPU.Build.0 = Release|Any CPU
		{5855756C-292B-4526-A79E-0B0EB75D5806}.Debug|Any CPU.ActiveCfg = Debug|Any CPU
		{5855756C-292B-4526-A79E-0B0EB75D5806}.Debug|Any CPU.Build.0 = Debug|Any CPU
		{5855756C-292B-4526-A79E-0B0EB75D5806}.Release|Any CPU.ActiveCfg = Release|Any CPU
		{5855756C-292B-4526-A79E-0B0EB75D5806}.Release|Any CPU.Build.0 = Release|Any CPU
	EndGlobalSection
	GlobalSection(SolutionProperties) = preSolution
		HideSolutionNode = FALSE
	EndGlobalSection
	GlobalSection(ExtensibilityGlobals) = postSolution
		SolutionGuid = {B06565A7-3B81-436A-98C1-96C0516CC99C}
	EndGlobalSection
EndGlobal
